{
  "name": "TMS",
  "version": "12.0.0",
  "lockfileVersion": 2,
  "requires": true,
  "packages": {
    "": {
      "name": "TMS",
      "version": "12.0.0",
      "license": "MIT",
      "dependencies": {
        "total4": "^0.0.64"
      }
    },
    "node_modules/total4": {
      "version": "0.0.64",
      "resolved": "https://registry.npmjs.org/total4/-/total4-0.0.64.tgz",
      "integrity": "sha512-JfxmxzqxJHDNhhtdRdxOyGrrbwViRFrYg4vq9ntRDk2KptXDlgXjifgIDkcq7s6OZ1ridQ8I1LCoi3cJ0/hemw==",
      "bin": {
        "total4": "bin/total4"
      }
    }
  },
  "dependencies": {
    "total4": {
      "version": "0.0.64",
      "resolved": "https://registry.npmjs.org/total4/-/total4-0.0.64.tgz",
      "integrity": "sha512-JfxmxzqxJHDNhhtdRdxOyGrrbwViRFrYg4vq9ntRDk2KptXDlgXjifgIDkcq7s6OZ1ridQ8I1LCoi3cJ0/hemw=="
    }
  }
}
